<?xml version="1.0" encoding="utf-8"?>
<Project ToolsVersion="4.0" xmlns="http://schemas.microsoft.com/developer/msbuild/2003">
  <ItemGroup>
    <Filter Include="Source Files">
      <UniqueIdentifier>{4FC737F1-C7A5-4376-A066-2A32D752A2FF}</UniqueIdentifier>
      <Extensions>cpp;c;cc;cxx;def;odl;idl;hpj;bat;asm;asmx</Extensions>
    </Filter>
    <Filter Include="Header Files">
      <UniqueIdentifier>{93995380-89BD-4b04-88EB-625FBE52EBFB}</UniqueIdentifier>
      <Extensions>h;hh;hpp;hxx;hm;inl;inc;ipp;xsd</Extensions>
    </Filter>
    <Filter Include="Resource Files">
      <UniqueIdentifier>{67DA6AB6-F800-4c08-8B7A-83BB121AAD01}</UniqueIdentifier>
      <Extensions>rc;ico;cur;bmp;dlg;rc2;rct;bin;rgs;gif;jpg;jpeg;jpe;resx;tiff;tif;png;wav;mfcribbon-ms</Extensions>
    </Filter>
    <Filter Include="Header Files\entities">
      <UniqueIdentifier>{d5b67df5-83de-4429-afae-240fd9749873}</UniqueIdentifier>
    </Filter>
    <Filter Include="Source Files\entities">
      <UniqueIdentifier>{95878d81-ff4e-4d46-a558-0e9ad0a3b966}</UniqueIdentifier>
    </Filter>
    <Filter Include="Header Files\algorithms">
      <UniqueIdentifier>{fcab9a08-80e0-4ba1-a69a-54272a11a96e}</UniqueIdentifier>
    </Filter>
    <Filter Include="Source Files\algorithms">
      <UniqueIdentifier>{b17cd239-a888-49e2-b336-0921c6d2b08e}</UniqueIdentifier>
    </Filter>
    <Filter Include="Header Files\helpers">
      <UniqueIdentifier>{eaa0a8df-34ad-44b9-9d2b-dd3798418f51}</UniqueIdentifier>
    </Filter>
    <Filter Include="Source Files\helpers">
      <UniqueIdentifier>{974bdcec-7138-4cdd-b139-ce39d5cc6a80}</UniqueIdentifier>
    </Filter>
  </ItemGroup>
  <ItemGroup>
    <ClCompile Include="pch.cpp">
      <Filter>Source Files</Filter>
    </ClCompile>
    <ClCompile Include="custom_exception.cpp">
      <Filter>Source Files</Filter>
    </ClCompile>
    <ClCompile Include="queue.cpp">
      <Filter>Source Files\algorithms</Filter>
    </ClCompile>
    <ClCompile Include="stack.cpp">
      <Filter>Source Files\algorithms</Filter>
    </ClCompile>
    <ClCompile Include="puzzle_type.h">
      <Filter>Resource Files</Filter>
    </ClCompile>
    <ClCompile Include="jar.cpp">
      <Filter>Source Files\algorithms</Filter>
    </ClCompile>
    <ClCompile Include="jar_node.cpp">
      <Filter>Source Files\entities</Filter>
    </ClCompile>
    <ClCompile Include="FundamentalIntroductionAI.cpp">
      <Filter>Source Files</Filter>
    </ClCompile>
  </ItemGroup>
  <ItemGroup>
    <ClInclude Include="custom_exception.h">
      <Filter>Header Files</Filter>
    </ClInclude>
    <ClInclude Include="tree_node.h">
      <Filter>Header Files\entities</Filter>
    </ClInclude>
    <ClInclude Include="simple_node.h">
      <Filter>Header Files\entities</Filter>
    </ClInclude>
    <ClInclude Include="linked_list.h">
      <Filter>Header Files\algorithms</Filter>
    </ClInclude>
    <ClInclude Include="pch.h">
      <Filter>Header Files\algorithms</Filter>
    </ClInclude>
    <ClInclude Include="puzzle.h">
      <Filter>Header Files\algorithms</Filter>
    </ClInclude>
    <ClInclude Include="queue.h">
      <Filter>Header Files\algorithms</Filter>
    </ClInclude>
    <ClInclude Include="queue_dynamic.h">
      <Filter>Header Files\algorithms</Filter>
    </ClInclude>
    <ClInclude Include="stack.h">
      <Filter>Header Files\algorithms</Filter>
    </ClInclude>
    <ClInclude Include="stack_dynamic.h">
      <Filter>Header Files\algorithms</Filter>
    </ClInclude>
    <ClInclude Include="tree.h">
      <Filter>Header Files\algorithms</Filter>
    </ClInclude>
    <ClInclude Include="jar.h">
      <Filter>Header Files\algorithms</Filter>
    </ClInclude>
    <ClInclude Include="jar_node.h">
      <Filter>Header Files\entities</Filter>
    </ClInclude>
  </ItemGroup>
</Project>