<?xml version="1.0" encoding="utf-8"?>
<Project ToolsVersion="4.0" xmlns="http://schemas.microsoft.com/developer/msbuild/2003">
  <ItemGroup>
    <ClCompile Include="puzzle_type.h">
      <Filter>Resource Files</Filter>
    </ClCompile>
    <ClCompile Include="custom_exception.cpp">
      <Filter>Source Files</Filter>
    </ClCompile>
    <ClCompile Include="jar_node.cpp">
      <Filter>Source Files\entities</Filter>
    </ClCompile>
    <ClCompile Include="stack.cpp">
      <Filter>Source Files\algorithms</Filter>
    </ClCompile>
    <ClCompile Include="queue.cpp">
      <Filter>Source Files\algorithms</Filter>
    </ClCompile>
    <ClCompile Include="pch.cpp">
      <Filter>Source Files</Filter>
    </ClCompile>
    <ClCompile Include="jar.cpp">
      <Filter>Source Files\algorithms</Filter>
    </ClCompile>
    <ClCompile Include="FundamentalAI.cpp" />
  </ItemGroup>
  <ItemGroup>
    <ClInclude Include="custom_exception.h">
      <Filter>Header Files</Filter>
    </ClInclude>
    <ClInclude Include="puzzle.h">
      <Filter>Header Files\algorithms</Filter>
    </ClInclude>
    <ClInclude Include="queue.h">
      <Filter>Header Files\algorithms</Filter>
    </ClInclude>
    <ClInclude Include="linked_list.h">
      <Filter>Header Files\algorithms</Filter>
    </ClInclude>
    <ClInclude Include="queue_dynamic.h">
      <Filter>Header Files\algorithms</Filter>
    </ClInclude>
    <ClInclude Include="tree_node.h">
      <Filter>Header Files\entities</Filter>
    </ClInclude>
    <ClInclude Include="simple_node.h">
      <Filter>Header Files\entities</Filter>
    </ClInclude>
    <ClInclude Include="tree.h">
      <Filter>Header Files\algorithms</Filter>
    </ClInclude>
    <ClInclude Include="stack.h">
      <Filter>Header Files\algorithms</Filter>
    </ClInclude>
    <ClInclude Include="stack_dynamic.h">
      <Filter>Header Files\algorithms</Filter>
    </ClInclude>
    <ClInclude Include="jar_node.h">
      <Filter>Header Files\entities</Filter>
    </ClInclude>
    <ClInclude Include="jar.h">
      <Filter>Header Files\algorithms</Filter>
    </ClInclude>
    <ClInclude Include="pch.h">
      <Filter>Header Files</Filter>
    </ClInclude>
  </ItemGroup>
  <ItemGroup>
    <Filter Include="Header Files">
      <UniqueIdentifier>{255ba5c0-78df-420a-9495-7e8ba5dfcec4}</UniqueIdentifier>
    </Filter>
    <Filter Include="Source Files">
      <UniqueIdentifier>{43bbd300-23a2-44a1-b1dd-749b5fa1eab5}</UniqueIdentifier>
    </Filter>
    <Filter Include="Resource Files">
      <UniqueIdentifier>{48b684e5-6dc9-4f5a-a228-1471afa4919a}</UniqueIdentifier>
    </Filter>
    <Filter Include="Header Files\algorithms">
      <UniqueIdentifier>{a6c331ca-899b-4a55-88f2-f20b8eb7e544}</UniqueIdentifier>
    </Filter>
    <Filter Include="Header Files\entities">
      <UniqueIdentifier>{9f5685fc-6c9e-4d34-9b1f-f15022c58738}</UniqueIdentifier>
    </Filter>
    <Filter Include="Header Files\helpers">
      <UniqueIdentifier>{077b4535-ef8e-4f24-b416-8ae35a03d947}</UniqueIdentifier>
    </Filter>
    <Filter Include="Source Files\algorithms">
      <UniqueIdentifier>{126d7985-6414-4e74-b31f-7327176f322d}</UniqueIdentifier>
    </Filter>
    <Filter Include="Source Files\entities">
      <UniqueIdentifier>{b570e401-51e8-4567-b980-13ba7568064a}</UniqueIdentifier>
    </Filter>
    <Filter Include="Source Files\helpers">
      <UniqueIdentifier>{54ffc1bb-0522-48d7-b97c-2cdf4506cd97}</UniqueIdentifier>
    </Filter>
  </ItemGroup>
</Project>